
Microsoft Visual Studio Solution File, Format Version 12.00
# Visual Studio Version 17
VisualStudioVersion = 17.0.31919.166
MinimumVisualStudioVersion = 10.0.40219.1
Project("{FAE04EC0-301F-11D3-BF4B-00C04F79EFBC}") = "SeleniumTraining", "SeleniumTraining\SeleniumTraining.csproj", "{2B57BA92-B76C-46BE-8428-6C3DBCF47932}"
EndProject
Global
	GlobalSection(SolutionConfigurationPlatforms) = preSolution
		Debug|Any CPU = Debug|Any CPU
		Release|Any CPU = Release|Any CPU
	EndGlobalSection
	GlobalSection(ProjectConfigurationPlatforms) = postSolution
		{2B57BA92-B76C-46BE-8428-6C3DBCF47932}.Debug|Any CPU.ActiveCfg = Debug|Any CPU
		{2B57BA92-B76C-46BE-8428-6C3DBCF47932}.Debug|Any CPU.Build.0 = Debug|Any CPU
		{2B57BA92-B76C-46BE-8428-6C3DBCF47932}.Release|Any CPU.ActiveCfg = Release|Any CPU
		{2B57BA92-B76C-46BE-8428-6C3DBCF47932}.Release|Any CPU.Build.0 = Release|Any CPU
	EndGlobalSection
	GlobalSection(SolutionProperties) = preSolution
		HideSolutionNode = FALSE
	EndGlobalSection
	GlobalSection(ExtensibilityGlobals) = postSolution
		SolutionGuid = {A6D00CDA-1D48-4D20-91D1-90FFDA27C509}
	EndGlobalSection
EndGlobal
